{
  "version": 4,
  "terraform_version": "1.1.3",
  "serial": 3243,
  "lineage": "e2e3715f-ac6e-4a8e-3cdd-99c904ea3459",
  "outputs": {},
  "resources": [
    {
      "mode": "managed",
      "type": "aws_redshift_cluster",
      "name": "default",
      "provider": "provider[\"registry.terraform.io/hashicorp/aws\"]",
      "instances": [
        {
          "schema_version": 0,
          "attributes": {
            "allow_version_upgrade": true,
            "arn": "arn:aws:redshift:us-east-2:102817144359:cluster:my-cluster",
            "automated_snapshot_retention_period": 1,
            "availability_zone": "us-east-2a",
            "cluster_identifier": "my-cluster",
            "cluster_nodes": [
              {
                "node_role": "SHARED",
                "private_ip_address": "172.31.0.129",
                "public_ip_address": "3.134.38.127"
              }
            ],
            "cluster_parameter_group_name": "default.redshift-1.0",
            "cluster_public_key": "ssh-rsa AAAAB3NzaC1yc2EAAAADAQABAAABAQCDBqV2dh0MRDaXa5yHHgBmr6cQmdxiY5GnK2PT2YLR1Cxv1g8wTLz59kRkWl5ROBjIu133qzYhiCbnVvUUOSpdlQM5vsf12QlFGQ5wjyCOTs11/4zFw5DRIZNlp+/xgoowGziANdrqWJQBAED5phWzsfSSUTEW+N/egkK6xjNeigWKZFlo9uTwwpKoF2E2EyG9+uucAuPJEGB7EYX/SlrDCxUmh2XKnnv+sGigvqf+HF2NrOMaQtBz5OCpBZZnDtJgwDEoMQdVGy8MINGpQzRwKTjahh/S/TiePP/1AD4CUDq7gdU6CX/yR3ZS5/QT/eulQ/rM+P4fNbrwu/XlRg/h Amazon-Redshift\n",
            "cluster_revision_number": "35649",
            "cluster_security_groups": [],
            "cluster_subnet_group_name": "default",
            "cluster_type": "single-node",
            "cluster_version": "1.0",
            "database_name": "mydb",
            "dns_name": "my-cluster.c2rt4q0ek8b8.us-east-2.redshift.amazonaws.com",
            "elastic_ip": null,
            "encrypted": false,
            "endpoint": "my-cluster.c2rt4q0ek8b8.us-east-2.redshift.amazonaws.com:5439",
            "enhanced_vpc_routing": false,
            "final_snapshot_identifier": null,
            "iam_roles": [
              "arn:aws:iam::102817144359:role/service-role/AmazonRedshift-CommandsAccessRole-20220215T122325"
            ],
            "id": "my-cluster",
            "kms_key_id": "",
            "logging": [
              {
                "bucket_name": "",
                "enable": false,
                "s3_key_prefix": ""
              }
            ],
            "master_password": "MySecretPassw0rd",
            "master_username": "mydbuser",
            "node_type": "dc2.large",
            "number_of_nodes": 1,
            "owner_account": null,
            "port": 5439,
            "preferred_maintenance_window": "fri:06:30-fri:07:00",
            "publicly_accessible": true,
            "skip_final_snapshot": false,
            "snapshot_cluster_identifier": null,
            "snapshot_copy": [],
            "snapshot_identifier": null,
            "tags": {},
            "tags_all": {},
            "timeouts": null,
            "vpc_security_group_ids": [
              "sg-09b65152e95c3eaf8"
            ]
          },
          "sensitive_attributes": [],
          "private": "eyJlMmJmYjczMC1lY2FhLTExZTYtOGY4OC0zNDM2M2JjN2M0YzAiOnsiY3JlYXRlIjo0NTAwMDAwMDAwMDAwLCJkZWxldGUiOjI0MDAwMDAwMDAwMDAsInVwZGF0ZSI6NDUwMDAwMDAwMDAwMH19"
        }
      ]
    }
  ]
}
